
Microsoft Visual Studio Solution File, Format Version 12.00
Project("{2150E333-8FDC-42A3-9474-1A3956D46DE8}") = "ExemploFundamentos", "ExemploFundamentos", "{7CC0D859-ACF7-4375-BCED-EA754DA42FF5}"
EndProject
Project("{FAE04EC0-301F-11D3-BF4B-00C04F79EFBC}") = "Main", "Main\Main.csproj", "{39E3847D-E1A8-4CC8-BF19-FC915313B06B}"
EndProject
Global
	GlobalSection(SolutionConfigurationPlatforms) = preSolution
		Debug|Any CPU = Debug|Any CPU
		Release|Any CPU = Release|Any CPU
	EndGlobalSection
	GlobalSection(ProjectConfigurationPlatforms) = postSolution
		{39E3847D-E1A8-4CC8-BF19-FC915313B06B}.Debug|Any CPU.ActiveCfg = Debug|Any CPU
		{39E3847D-E1A8-4CC8-BF19-FC915313B06B}.Debug|Any CPU.Build.0 = Debug|Any CPU
		{39E3847D-E1A8-4CC8-BF19-FC915313B06B}.Release|Any CPU.ActiveCfg = Release|Any CPU
		{39E3847D-E1A8-4CC8-BF19-FC915313B06B}.Release|Any CPU.Build.0 = Release|Any CPU
	EndGlobalSection
	GlobalSection(NestedProjects) = preSolution
		{39E3847D-E1A8-4CC8-BF19-FC915313B06B} = {7CC0D859-ACF7-4375-BCED-EA754DA42FF5}
	EndGlobalSection
EndGlobal
